
Microsoft Visual Studio Solution File, Format Version 12.00
# Visual Studio Version 17
VisualStudioVersion = 17.10.35122.118
MinimumVisualStudioVersion = 10.0.40219.1
Project("{FAE04EC0-301F-11D3-BF4B-00C04F79EFBC}") = "Exercicio1", "Exercicio1\Exercicio1.csproj", "{74850D7A-897E-43A1-AD82-FD38723BD0FC}"
EndProject
Global
	GlobalSection(SolutionConfigurationPlatforms) = preSolution
		Debug|Any CPU = Debug|Any CPU
		Release|Any CPU = Release|Any CPU
	EndGlobalSection
	GlobalSection(ProjectConfigurationPlatforms) = postSolution
		{74850D7A-897E-43A1-AD82-FD38723BD0FC}.Debug|Any CPU.ActiveCfg = Debug|Any CPU
		{74850D7A-897E-43A1-AD82-FD38723BD0FC}.Debug|Any CPU.Build.0 = Debug|Any CPU
		{74850D7A-897E-43A1-AD82-FD38723BD0FC}.Release|Any CPU.ActiveCfg = Release|Any CPU
		{74850D7A-897E-43A1-AD82-FD38723BD0FC}.Release|Any CPU.Build.0 = Release|Any CPU
	EndGlobalSection
	GlobalSection(SolutionProperties) = preSolution
		HideSolutionNode = FALSE
	EndGlobalSection
	GlobalSection(ExtensibilityGlobals) = postSolution
		SolutionGuid = {86942287-C7F8-49BC-B314-51A1087E4F7F}
	EndGlobalSection
EndGlobal
